
Microsoft Visual Studio Solution File, Format Version 12.00
# Visual Studio Version 17
VisualStudioVersion = 17.0.31919.166
MinimumVisualStudioVersion = 10.0.40219.1
Project("{FAE04EC0-301F-11D3-BF4B-00C04F79EFBC}") = "Camp.API", "Camp.API\Camp.API.csproj", "{CC52B723-CB7B-4691-BE31-9BD4F59043CA}"
EndProject
Project("{FAE04EC0-301F-11D3-BF4B-00C04F79EFBC}") = "Camp.Entites", "Camp.Entites\Camp.Entites.csproj", "{64CD9BFE-2C1A-46F0-A3D5-3B924F46D62A}"
EndProject
Project("{FAE04EC0-301F-11D3-BF4B-00C04F79EFBC}") = "Camp.Data", "Camp.Data\Camp.Data.csproj", "{6AE3BBEC-74A7-4702-9AC3-E44AFC0AE999}"
EndProject
Global
	GlobalSection(SolutionConfigurationPlatforms) = preSolution
		Debug|Any CPU = Debug|Any CPU
		Release|Any CPU = Release|Any CPU
	EndGlobalSection
	GlobalSection(ProjectConfigurationPlatforms) = postSolution
		{CC52B723-CB7B-4691-BE31-9BD4F59043CA}.Debug|Any CPU.ActiveCfg = Debug|Any CPU
		{CC52B723-CB7B-4691-BE31-9BD4F59043CA}.Debug|Any CPU.Build.0 = Debug|Any CPU
		{CC52B723-CB7B-4691-BE31-9BD4F59043CA}.Release|Any CPU.ActiveCfg = Release|Any CPU
		{CC52B723-CB7B-4691-BE31-9BD4F59043CA}.Release|Any CPU.Build.0 = Release|Any CPU
		{64CD9BFE-2C1A-46F0-A3D5-3B924F46D62A}.Debug|Any CPU.ActiveCfg = Debug|Any CPU
		{64CD9BFE-2C1A-46F0-A3D5-3B924F46D62A}.Debug|Any CPU.Build.0 = Debug|Any CPU
		{64CD9BFE-2C1A-46F0-A3D5-3B924F46D62A}.Release|Any CPU.ActiveCfg = Release|Any CPU
		{64CD9BFE-2C1A-46F0-A3D5-3B924F46D62A}.Release|Any CPU.Build.0 = Release|Any CPU
		{6AE3BBEC-74A7-4702-9AC3-E44AFC0AE999}.Debug|Any CPU.ActiveCfg = Debug|Any CPU
		{6AE3BBEC-74A7-4702-9AC3-E44AFC0AE999}.Debug|Any CPU.Build.0 = Debug|Any CPU
		{6AE3BBEC-74A7-4702-9AC3-E44AFC0AE999}.Release|Any CPU.ActiveCfg = Release|Any CPU
		{6AE3BBEC-74A7-4702-9AC3-E44AFC0AE999}.Release|Any CPU.Build.0 = Release|Any CPU
	EndGlobalSection
	GlobalSection(SolutionProperties) = preSolution
		HideSolutionNode = FALSE
	EndGlobalSection
	GlobalSection(ExtensibilityGlobals) = postSolution
		SolutionGuid = {9DC862AA-5EA6-48DD-90FD-7DAD4557662E}
	EndGlobalSection
EndGlobal
