
Microsoft Visual Studio Solution File, Format Version 12.00
# Visual Studio Version 17
VisualStudioVersion = 17.0.31919.166
MinimumVisualStudioVersion = 10.0.40219.1
Project("{2150E333-8FDC-42A3-9474-1A3956D46DE8}") = "Creational", "Creational", "{AC725793-3D60-41EE-A721-C3EBCCA594B1}"
EndProject
Project("{9A19103F-16F7-4668-BE54-9A1E7A4F7556}") = "DesignPatterns.SimpleFactory", "Creational\DesignPatterns.SimpleFactory\DesignPatterns.SimpleFactory.csproj", "{DFAB101E-3161-41CE-A8B0-ED42FCF7112C}"
EndProject
Project("{9A19103F-16F7-4668-BE54-9A1E7A4F7556}") = "DesignPatterns.FactoryMethod", "Creational\DesignPatterns.FactoryMethod\DesignPatterns.FactoryMethod.csproj", "{43130936-D2DF-4DCD-ACCA-0942CDBD5D3B}"
EndProject
Project("{9A19103F-16F7-4668-BE54-9A1E7A4F7556}") = "DesignPatterns.AbstractFactory", "Creational\DesignPatterns.AbstractFactory\DesignPatterns.AbstractFactory.csproj", "{87CAC419-6D25-4664-9ED2-B2D705CE7E69}"
EndProject
Project("{9A19103F-16F7-4668-BE54-9A1E7A4F7556}") = "DesignPatterns.Prototype", "Creational\DesignPatterns.Prototype\DesignPatterns.Prototype.csproj", "{EFC6C3D5-C835-4135-8767-3480D3854D84}"
EndProject
Project("{9A19103F-16F7-4668-BE54-9A1E7A4F7556}") = "DesignPatterns.Builder", "Creational\DesignPatterns.Builder\DesignPatterns.Builder.csproj", "{EE647494-F51F-4B9F-97D9-7AF7BD16BACF}"
EndProject
Project("{2150E333-8FDC-42A3-9474-1A3956D46DE8}") = "Behavioral", "Behavioral", "{BE134724-3BD8-4F9B-AA4F-25FB87872837}"
EndProject
Project("{9A19103F-16F7-4668-BE54-9A1E7A4F7556}") = "DesignPatterns.Strategy", "Behavioral\DesignPatterns.Strategy\DesignPatterns.Strategy.csproj", "{221B09F9-AC12-4A46-AD51-2931045C91AC}"
EndProject
Project("{9A19103F-16F7-4668-BE54-9A1E7A4F7556}") = "DesignPatterns.Singleton", "Creational\DesignPatterns.Singleton\DesignPatterns.Singleton.csproj", "{0E0EA2E3-2F06-4905-A70C-A03D08388F7C}"
EndProject
Project("{9A19103F-16F7-4668-BE54-9A1E7A4F7556}") = "DesignPatterns.Command", "Behavioral\DesignPatterns.Command\DesignPatterns.Command.csproj", "{AFF1637A-EB10-4B73-A989-85B32F7A9204}"
EndProject
Project("{9A19103F-16F7-4668-BE54-9A1E7A4F7556}") = "DesignPatterns.Bridge", "Behavioral\DesignPatterns.Bridge\DesignPatterns.Bridge.csproj", "{D31FCF56-11CC-40C3-8E8B-B15E8C9A976C}"
EndProject
Project("{9A19103F-16F7-4668-BE54-9A1E7A4F7556}") = "DesignPatterns.State", "Behavioral\DesignPatterns.State\DesignPatterns.State.csproj", "{18C48087-AFA4-4181-9467-3CF6761755F2}"
EndProject
Project("{9A19103F-16F7-4668-BE54-9A1E7A4F7556}") = "DesignPatterns.Repository", "Behavioral\DesignPatterns.Repository\DesignPatterns.Repository.csproj", "{3F90B672-93AD-4CF3-BEC1-16A0E640A6D5}"
EndProject
Project("{FAE04EC0-301F-11D3-BF4B-00C04F79EFBC}") = "DesignPatterns.Mediator", "Behavioral\DesignPatterns.Mediator\DesignPatterns.Mediator.csproj", "{FA684764-5EB7-40B8-865F-4863F7224D9A}"
EndProject
Global
	GlobalSection(SolutionConfigurationPlatforms) = preSolution
		Debug|Any CPU = Debug|Any CPU
		Release|Any CPU = Release|Any CPU
	EndGlobalSection
	GlobalSection(ProjectConfigurationPlatforms) = postSolution
		{DFAB101E-3161-41CE-A8B0-ED42FCF7112C}.Debug|Any CPU.ActiveCfg = Debug|Any CPU
		{DFAB101E-3161-41CE-A8B0-ED42FCF7112C}.Debug|Any CPU.Build.0 = Debug|Any CPU
		{DFAB101E-3161-41CE-A8B0-ED42FCF7112C}.Release|Any CPU.ActiveCfg = Release|Any CPU
		{DFAB101E-3161-41CE-A8B0-ED42FCF7112C}.Release|Any CPU.Build.0 = Release|Any CPU
		{43130936-D2DF-4DCD-ACCA-0942CDBD5D3B}.Debug|Any CPU.ActiveCfg = Debug|Any CPU
		{43130936-D2DF-4DCD-ACCA-0942CDBD5D3B}.Debug|Any CPU.Build.0 = Debug|Any CPU
		{43130936-D2DF-4DCD-ACCA-0942CDBD5D3B}.Release|Any CPU.ActiveCfg = Release|Any CPU
		{43130936-D2DF-4DCD-ACCA-0942CDBD5D3B}.Release|Any CPU.Build.0 = Release|Any CPU
		{87CAC419-6D25-4664-9ED2-B2D705CE7E69}.Debug|Any CPU.ActiveCfg = Debug|Any CPU
		{87CAC419-6D25-4664-9ED2-B2D705CE7E69}.Debug|Any CPU.Build.0 = Debug|Any CPU
		{87CAC419-6D25-4664-9ED2-B2D705CE7E69}.Release|Any CPU.ActiveCfg = Release|Any CPU
		{87CAC419-6D25-4664-9ED2-B2D705CE7E69}.Release|Any CPU.Build.0 = Release|Any CPU
		{EFC6C3D5-C835-4135-8767-3480D3854D84}.Debug|Any CPU.ActiveCfg = Debug|Any CPU
		{EFC6C3D5-C835-4135-8767-3480D3854D84}.Debug|Any CPU.Build.0 = Debug|Any CPU
		{EFC6C3D5-C835-4135-8767-3480D3854D84}.Release|Any CPU.ActiveCfg = Release|Any CPU
		{EFC6C3D5-C835-4135-8767-3480D3854D84}.Release|Any CPU.Build.0 = Release|Any CPU
		{EE647494-F51F-4B9F-97D9-7AF7BD16BACF}.Debug|Any CPU.ActiveCfg = Debug|Any CPU
		{EE647494-F51F-4B9F-97D9-7AF7BD16BACF}.Debug|Any CPU.Build.0 = Debug|Any CPU
		{EE647494-F51F-4B9F-97D9-7AF7BD16BACF}.Release|Any CPU.ActiveCfg = Release|Any CPU
		{EE647494-F51F-4B9F-97D9-7AF7BD16BACF}.Release|Any CPU.Build.0 = Release|Any CPU
		{221B09F9-AC12-4A46-AD51-2931045C91AC}.Debug|Any CPU.ActiveCfg = Debug|Any CPU
		{221B09F9-AC12-4A46-AD51-2931045C91AC}.Debug|Any CPU.Build.0 = Debug|Any CPU
		{221B09F9-AC12-4A46-AD51-2931045C91AC}.Release|Any CPU.ActiveCfg = Release|Any CPU
		{221B09F9-AC12-4A46-AD51-2931045C91AC}.Release|Any CPU.Build.0 = Release|Any CPU
		{0E0EA2E3-2F06-4905-A70C-A03D08388F7C}.Debug|Any CPU.ActiveCfg = Debug|Any CPU
		{0E0EA2E3-2F06-4905-A70C-A03D08388F7C}.Debug|Any CPU.Build.0 = Debug|Any CPU
		{0E0EA2E3-2F06-4905-A70C-A03D08388F7C}.Release|Any CPU.ActiveCfg = Release|Any CPU
		{0E0EA2E3-2F06-4905-A70C-A03D08388F7C}.Release|Any CPU.Build.0 = Release|Any CPU
		{AFF1637A-EB10-4B73-A989-85B32F7A9204}.Debug|Any CPU.ActiveCfg = Debug|Any CPU
		{AFF1637A-EB10-4B73-A989-85B32F7A9204}.Debug|Any CPU.Build.0 = Debug|Any CPU
		{AFF1637A-EB10-4B73-A989-85B32F7A9204}.Release|Any CPU.ActiveCfg = Release|Any CPU
		{AFF1637A-EB10-4B73-A989-85B32F7A9204}.Release|Any CPU.Build.0 = Release|Any CPU
		{D31FCF56-11CC-40C3-8E8B-B15E8C9A976C}.Debug|Any CPU.ActiveCfg = Debug|Any CPU
		{D31FCF56-11CC-40C3-8E8B-B15E8C9A976C}.Debug|Any CPU.Build.0 = Debug|Any CPU
		{D31FCF56-11CC-40C3-8E8B-B15E8C9A976C}.Release|Any CPU.ActiveCfg = Release|Any CPU
		{D31FCF56-11CC-40C3-8E8B-B15E8C9A976C}.Release|Any CPU.Build.0 = Release|Any CPU
		{18C48087-AFA4-4181-9467-3CF6761755F2}.Debug|Any CPU.ActiveCfg = Debug|Any CPU
		{18C48087-AFA4-4181-9467-3CF6761755F2}.Debug|Any CPU.Build.0 = Debug|Any CPU
		{18C48087-AFA4-4181-9467-3CF6761755F2}.Release|Any CPU.ActiveCfg = Release|Any CPU
		{18C48087-AFA4-4181-9467-3CF6761755F2}.Release|Any CPU.Build.0 = Release|Any CPU
		{3F90B672-93AD-4CF3-BEC1-16A0E640A6D5}.Debug|Any CPU.ActiveCfg = Debug|Any CPU
		{3F90B672-93AD-4CF3-BEC1-16A0E640A6D5}.Debug|Any CPU.Build.0 = Debug|Any CPU
		{3F90B672-93AD-4CF3-BEC1-16A0E640A6D5}.Release|Any CPU.ActiveCfg = Release|Any CPU
		{3F90B672-93AD-4CF3-BEC1-16A0E640A6D5}.Release|Any CPU.Build.0 = Release|Any CPU
		{FA684764-5EB7-40B8-865F-4863F7224D9A}.Debug|Any CPU.ActiveCfg = Debug|Any CPU
		{FA684764-5EB7-40B8-865F-4863F7224D9A}.Debug|Any CPU.Build.0 = Debug|Any CPU
		{FA684764-5EB7-40B8-865F-4863F7224D9A}.Release|Any CPU.ActiveCfg = Release|Any CPU
		{FA684764-5EB7-40B8-865F-4863F7224D9A}.Release|Any CPU.Build.0 = Release|Any CPU
	EndGlobalSection
	GlobalSection(SolutionProperties) = preSolution
		HideSolutionNode = FALSE
	EndGlobalSection
	GlobalSection(NestedProjects) = preSolution
		{DFAB101E-3161-41CE-A8B0-ED42FCF7112C} = {AC725793-3D60-41EE-A721-C3EBCCA594B1}
		{43130936-D2DF-4DCD-ACCA-0942CDBD5D3B} = {AC725793-3D60-41EE-A721-C3EBCCA594B1}
		{87CAC419-6D25-4664-9ED2-B2D705CE7E69} = {AC725793-3D60-41EE-A721-C3EBCCA594B1}
		{EFC6C3D5-C835-4135-8767-3480D3854D84} = {AC725793-3D60-41EE-A721-C3EBCCA594B1}
		{EE647494-F51F-4B9F-97D9-7AF7BD16BACF} = {AC725793-3D60-41EE-A721-C3EBCCA594B1}
		{221B09F9-AC12-4A46-AD51-2931045C91AC} = {BE134724-3BD8-4F9B-AA4F-25FB87872837}
		{0E0EA2E3-2F06-4905-A70C-A03D08388F7C} = {AC725793-3D60-41EE-A721-C3EBCCA594B1}
		{AFF1637A-EB10-4B73-A989-85B32F7A9204} = {BE134724-3BD8-4F9B-AA4F-25FB87872837}
		{D31FCF56-11CC-40C3-8E8B-B15E8C9A976C} = {BE134724-3BD8-4F9B-AA4F-25FB87872837}
		{18C48087-AFA4-4181-9467-3CF6761755F2} = {BE134724-3BD8-4F9B-AA4F-25FB87872837}
		{3F90B672-93AD-4CF3-BEC1-16A0E640A6D5} = {BE134724-3BD8-4F9B-AA4F-25FB87872837}
		{FA684764-5EB7-40B8-865F-4863F7224D9A} = {BE134724-3BD8-4F9B-AA4F-25FB87872837}
	EndGlobalSection
	GlobalSection(ExtensibilityGlobals) = postSolution
		SolutionGuid = {B4E622EC-5D1B-40E1-AA67-DF3AF41BD3BC}
	EndGlobalSection
EndGlobal
